{
  "version": 4,
  "terraform_version": "0.14.2",
  "serial": 68,
  "lineage": "41231068-1d72-7927-029c-338a70a60310",
  "outputs": {},
  "resources": [
    {
      "module": "module.Team_Creation",
      "mode": "managed",
      "type": "github_branch_protection_v3",
      "name": "example",
      "provider": "provider[\"registry.terraform.io/hashicorp/github\"]",
      "instances": [
        {
          "schema_version": 0,
          "attributes": {
            "branch": "main",
            "enforce_admins": false,
            "etag": "W/\"6f5add2fa251446b37c27bb672813b8028ae320cc1841ddf74d5bbf09283becb\"",
            "id": "Test:main",
            "repository": "Test",
            "require_signed_commits": false,
            "required_pull_request_reviews": [],
            "required_status_checks": [],
            "restrictions": [
              {
                "apps": null,
                "teams": null,
                "users": null
              }
            ]
          },
          "sensitive_attributes": [],
          "private": "bnVsbA==",
          "dependencies": [
            "module.Team_Creation.github_repository.REPO"
          ]
        }
      ]
    },
    {
      "module": "module.Team_Creation",
      "mode": "managed",
      "type": "github_membership",
      "name": "membership_for_some_user",
      "provider": "provider[\"registry.terraform.io/hashicorp/github\"]",
      "instances": [
        {
          "index_key": 0,
          "schema_version": 0,
          "attributes": {
            "etag": "W/\"8e917139959856964643e32e4abb13199914db541407a4b85e2e15e1ebf68172\"",
            "id": "epsi-tf-exam-ale:skhedim",
            "role": "member",
            "username": "skhedim"
          },
          "sensitive_attributes": [],
          "private": "bnVsbA=="
        }
      ]
    },
    {
      "module": "module.Team_Creation",
      "mode": "managed",
      "type": "github_repository",
      "name": "REPO",
      "provider": "provider[\"registry.terraform.io/hashicorp/github\"]",
      "instances": [
        {
          "schema_version": 0,
          "attributes": {
            "allow_merge_commit": true,
            "allow_rebase_merge": true,
            "allow_squash_merge": true,
            "archive_on_destroy": null,
            "archived": false,
            "auto_init": null,
            "default_branch": "main",
            "delete_branch_on_merge": false,
            "description": "Repository de test",
            "etag": "W/\"2ab52ce282e15177b1c98394178557a71192940fde8bef77da36eab086db1c37\"",
            "full_name": "epsi-tf-exam-ale/Test",
            "git_clone_url": "git://github.com/epsi-tf-exam-ale/Test.git",
            "gitignore_template": "Terraform",
            "has_downloads": false,
            "has_issues": false,
            "has_projects": false,
            "has_wiki": true,
            "homepage_url": "",
            "html_url": "https://github.com/epsi-tf-exam-ale/Test",
            "http_clone_url": "https://github.com/epsi-tf-exam-ale/Test.git",
            "id": "Test",
            "is_template": false,
            "license_template": null,
            "name": "Test",
            "node_id": "MDEwOlJlcG9zaXRvcnkzNjQ1MzYxNDU=",
            "pages": [],
            "private": false,
            "repo_id": 364536145,
            "ssh_clone_url": "git@github.com:epsi-tf-exam-ale/Test.git",
            "svn_url": "https://github.com/epsi-tf-exam-ale/Test",
            "template": [],
            "topics": null,
            "visibility": "public",
            "vulnerability_alerts": false
          },
          "sensitive_attributes": [],
          "private": "bnVsbA=="
        }
      ]
    },
    {
      "module": "module.Team_Creation",
      "mode": "managed",
      "type": "github_repository_collaborator",
      "name": "repo_collaborators",
      "provider": "provider[\"registry.terraform.io/hashicorp/github\"]",
      "instances": [
        {
          "index_key": 0,
          "schema_version": 0,
          "attributes": {
            "id": "Test:skhedim",
            "invitation_id": "45775769",
            "permission": "pull",
            "permission_diff_suppression": false,
            "repository": "Test",
            "username": "skhedim"
          },
          "sensitive_attributes": [],
          "private": "bnVsbA==",
          "dependencies": [
            "module.Team_Creation.github_repository.REPO"
          ]
        },
        {
          "index_key": 1,
          "schema_version": 0,
          "attributes": {
            "id": "Test:Salombo",
            "invitation_id": null,
            "permission": "admin",
            "permission_diff_suppression": false,
            "repository": "Test",
            "username": "Salombo"
          },
          "sensitive_attributes": [],
          "private": "bnVsbA==",
          "dependencies": [
            "module.Team_Creation.github_repository.REPO"
          ]
        }
      ]
    },
    {
      "module": "module.Team_Creation",
      "mode": "managed",
      "type": "github_team",
      "name": "main",
      "provider": "provider[\"registry.terraform.io/hashicorp/github\"]",
      "instances": [
        {
          "index_key": 0,
          "schema_version": 0,
          "attributes": {
            "create_default_maintainer": false,
            "description": "La team 3",
            "etag": "W/\"24e20880feae5397a7012e2d72a30d2fb5b93770a1e7cf8a99c19ccb16e7b8e7\"",
            "id": "4784942",
            "ldap_dn": "",
            "members_count": 0,
            "name": "TEAM3",
            "node_id": "MDQ6VGVhbTQ3ODQ5NDI=",
            "parent_team_id": null,
            "privacy": "closed",
            "slug": "team3"
          },
          "sensitive_attributes": [],
          "private": "bnVsbA=="
        }
      ]
    },
    {
      "module": "module.Team_Creation",
      "mode": "managed",
      "type": "github_team_membership",
      "name": "some_team_membership",
      "provider": "provider[\"registry.terraform.io/hashicorp/github\"]",
      "instances": [
        {
          "index_key": "0.0",
          "schema_version": 0,
          "attributes": {
            "etag": "W/\"6b589e5dd17f2d7ee15ed2cf3796bbc7eda332f3d3d2498e2067a320ed3368bc\"",
            "id": "4784942:skhedim",
            "role": "member",
            "team_id": "4784942",
            "username": "skhedim"
          },
          "sensitive_attributes": [],
          "private": "bnVsbA==",
          "dependencies": [
            "module.Team_Creation.github_team.main"
          ]
        },
        {
          "index_key": "0.1",
          "schema_version": 0,
          "attributes": {
            "etag": "W/\"0588ca53b5e389b0b86da7836e21115de8ed962cc866f04073020e32da6dd12b\"",
            "id": "4784942:Salombo",
            "role": "maintainer",
            "team_id": "4784942",
            "username": "Salombo"
          },
          "sensitive_attributes": [],
          "private": "bnVsbA==",
          "dependencies": [
            "module.Team_Creation.github_team.main"
          ]
        }
      ]
    },
    {
      "module": "module.Team_Creation",
      "mode": "managed",
      "type": "github_team_repository",
      "name": "some_team_repo",
      "provider": "provider[\"registry.terraform.io/hashicorp/github\"]",
      "instances": [
        {
          "index_key": 0,
          "schema_version": 0,
          "attributes": {
            "etag": "W/\"8584e93fdedaa01799aced3566d9c9c44cbc6749e6620174da7e73b53e2bfa8e\"",
            "id": "4784942:Test",
            "permission": "push",
            "repository": "Test",
            "team_id": "4784942"
          },
          "sensitive_attributes": [],
          "private": "bnVsbA==",
          "dependencies": [
            "module.Team_Creation.github_repository.REPO",
            "module.Team_Creation.github_team.main"
          ]
        }
      ]
    }
  ]
}
